
Microsoft Visual Studio Solution File, Format Version 12.00
# Visual Studio 2012
Project("{FAE04EC0-301F-11D3-BF4B-00C04F79EFBC}") = "Sokvihittar", "Sokvihittar\Sokvihittar.csproj", "{673256A1-0B71-4A5D-949E-F382415ABFCE}"
EndProject
Project("{FAE04EC0-301F-11D3-BF4B-00C04F79EFBC}") = "Sokvihittar.Console.Test", "Sokvihittar.Console.Test\Sokvihittar.Console.Test.csproj", "{44BD2C80-9676-4A1D-9D1D-5CD50CEA9ECC}"
EndProject
Project("{FAE04EC0-301F-11D3-BF4B-00C04F79EFBC}") = "Sokvihittar.Crawlers", "Sokvihittar.Crawlers\Sokvihittar.Crawlers.csproj", "{51CEAA3B-39F1-4F57-9E85-DF95B42653F7}"
EndProject
Global
	GlobalSection(SolutionConfigurationPlatforms) = preSolution
		Debug|Any CPU = Debug|Any CPU
		Release|Any CPU = Release|Any CPU
	EndGlobalSection
	GlobalSection(ProjectConfigurationPlatforms) = postSolution
		{673256A1-0B71-4A5D-949E-F382415ABFCE}.Debug|Any CPU.ActiveCfg = Debug|Any CPU
		{673256A1-0B71-4A5D-949E-F382415ABFCE}.Debug|Any CPU.Build.0 = Debug|Any CPU
		{673256A1-0B71-4A5D-949E-F382415ABFCE}.Release|Any CPU.ActiveCfg = Release|Any CPU
		{673256A1-0B71-4A5D-949E-F382415ABFCE}.Release|Any CPU.Build.0 = Release|Any CPU
		{44BD2C80-9676-4A1D-9D1D-5CD50CEA9ECC}.Debug|Any CPU.ActiveCfg = Debug|Any CPU
		{44BD2C80-9676-4A1D-9D1D-5CD50CEA9ECC}.Debug|Any CPU.Build.0 = Debug|Any CPU
		{44BD2C80-9676-4A1D-9D1D-5CD50CEA9ECC}.Release|Any CPU.ActiveCfg = Release|Any CPU
		{44BD2C80-9676-4A1D-9D1D-5CD50CEA9ECC}.Release|Any CPU.Build.0 = Release|Any CPU
		{51CEAA3B-39F1-4F57-9E85-DF95B42653F7}.Debug|Any CPU.ActiveCfg = Debug|Any CPU
		{51CEAA3B-39F1-4F57-9E85-DF95B42653F7}.Debug|Any CPU.Build.0 = Debug|Any CPU
		{51CEAA3B-39F1-4F57-9E85-DF95B42653F7}.Release|Any CPU.ActiveCfg = Release|Any CPU
		{51CEAA3B-39F1-4F57-9E85-DF95B42653F7}.Release|Any CPU.Build.0 = Release|Any CPU
	EndGlobalSection
	GlobalSection(SolutionProperties) = preSolution
		HideSolutionNode = FALSE
	EndGlobalSection
EndGlobal
